
Microsoft Visual Studio Solution File, Format Version 12.00
# Visual Studio 15
VisualStudioVersion = 15.0.28307.960
MinimumVisualStudioVersion = 10.0.40219.1
Project("{8BC9CEB8-8B4A-11D0-8D11-00A0C91BC942}") = "BaseDataStructure", "BaseDataStructure\BaseDataStructure.vcxproj", "{18461296-FDE7-4155-89EA-15FE1ECA652F}"
EndProject
Global
	GlobalSection(SolutionConfigurationPlatforms) = preSolution
		Debug|x64 = Debug|x64
		Debug|x86 = Debug|x86
		Release|x64 = Release|x64
		Release|x86 = Release|x86
	EndGlobalSection
	GlobalSection(ProjectConfigurationPlatforms) = postSolution
		{18461296-FDE7-4155-89EA-15FE1ECA652F}.Debug|x64.ActiveCfg = Debug|x64
		{18461296-FDE7-4155-89EA-15FE1ECA652F}.Debug|x64.Build.0 = Debug|x64
		{18461296-FDE7-4155-89EA-15FE1ECA652F}.Debug|x86.ActiveCfg = Debug|Win32
		{18461296-FDE7-4155-89EA-15FE1ECA652F}.Debug|x86.Build.0 = Debug|Win32
		{18461296-FDE7-4155-89EA-15FE1ECA652F}.Release|x64.ActiveCfg = Release|x64
		{18461296-FDE7-4155-89EA-15FE1ECA652F}.Release|x64.Build.0 = Release|x64
		{18461296-FDE7-4155-89EA-15FE1ECA652F}.Release|x86.ActiveCfg = Release|Win32
		{18461296-FDE7-4155-89EA-15FE1ECA652F}.Release|x86.Build.0 = Release|Win32
	EndGlobalSection
	GlobalSection(SolutionProperties) = preSolution
		HideSolutionNode = FALSE
	EndGlobalSection
	GlobalSection(ExtensibilityGlobals) = postSolution
		SolutionGuid = {2FA98F7A-D303-4B0A-999A-58FB85B9B92A}
	EndGlobalSection
EndGlobal
